
Microsoft Visual Studio Solution File, Format Version 12.00
# Visual Studio Version 16
VisualStudioVersion = 16.0.29306.81
MinimumVisualStudioVersion = 10.0.40219.1
Project("{FAE04EC0-301F-11D3-BF4B-00C04F79EFBC}") = "arbeitsauftrag_game", "arbeitsauftrag_game.csproj", "{6C1FD14F-F99C-4BEB-AA5A-0FAC2F484437}"
EndProject
Global
	GlobalSection(SolutionConfigurationPlatforms) = preSolution
		Debug|Any CPU = Debug|Any CPU
		Release|Any CPU = Release|Any CPU
	EndGlobalSection
	GlobalSection(ProjectConfigurationPlatforms) = postSolution
		{6C1FD14F-F99C-4BEB-AA5A-0FAC2F484437}.Debug|Any CPU.ActiveCfg = Debug|Any CPU
		{6C1FD14F-F99C-4BEB-AA5A-0FAC2F484437}.Debug|Any CPU.Build.0 = Debug|Any CPU
		{6C1FD14F-F99C-4BEB-AA5A-0FAC2F484437}.Release|Any CPU.ActiveCfg = Release|Any CPU
		{6C1FD14F-F99C-4BEB-AA5A-0FAC2F484437}.Release|Any CPU.Build.0 = Release|Any CPU
	EndGlobalSection
	GlobalSection(SolutionProperties) = preSolution
		HideSolutionNode = FALSE
	EndGlobalSection
	GlobalSection(ExtensibilityGlobals) = postSolution
		SolutionGuid = {D4C6C379-4F22-4BD3-8C9B-BDD66007AB9F}
	EndGlobalSection
EndGlobal
